
Microsoft Visual Studio Solution File, Format Version 12.00
# Visual Studio Version 17
VisualStudioVersion = 17.9.34622.214
MinimumVisualStudioVersion = 10.0.40219.1
Project("{FAE04EC0-301F-11D3-BF4B-00C04F79EFBC}") = "WebApi", "EmployeeManagmentSystem\WebApi.csproj", "{8DF5A218-0F2A-4198-82CF-B5513A691C27}"
EndProject
Project("{FAE04EC0-301F-11D3-BF4B-00C04F79EFBC}") = "BLL", "BLL\BLL.csproj", "{8C522D0A-03AC-435C-AD27-7716F6F05D89}"
EndProject
Project("{FAE04EC0-301F-11D3-BF4B-00C04F79EFBC}") = "DAL", "DAL\DAL.csproj", "{1BBBE259-FD72-4F43-8753-11AAD737171A}"
EndProject
Project("{FAE04EC0-301F-11D3-BF4B-00C04F79EFBC}") = "DTOs", "DTOs\DTOs.csproj", "{20836F66-D197-4FBF-8DC3-E75007BA1512}"
EndProject
Global
	GlobalSection(SolutionConfigurationPlatforms) = preSolution
		Debug|Any CPU = Debug|Any CPU
		Release|Any CPU = Release|Any CPU
	EndGlobalSection
	GlobalSection(ProjectConfigurationPlatforms) = postSolution
		{8DF5A218-0F2A-4198-82CF-B5513A691C27}.Debug|Any CPU.ActiveCfg = Debug|Any CPU
		{8DF5A218-0F2A-4198-82CF-B5513A691C27}.Debug|Any CPU.Build.0 = Debug|Any CPU
		{8DF5A218-0F2A-4198-82CF-B5513A691C27}.Release|Any CPU.ActiveCfg = Release|Any CPU
		{8DF5A218-0F2A-4198-82CF-B5513A691C27}.Release|Any CPU.Build.0 = Release|Any CPU
		{8C522D0A-03AC-435C-AD27-7716F6F05D89}.Debug|Any CPU.ActiveCfg = Debug|Any CPU
		{8C522D0A-03AC-435C-AD27-7716F6F05D89}.Debug|Any CPU.Build.0 = Debug|Any CPU
		{8C522D0A-03AC-435C-AD27-7716F6F05D89}.Release|Any CPU.ActiveCfg = Release|Any CPU
		{8C522D0A-03AC-435C-AD27-7716F6F05D89}.Release|Any CPU.Build.0 = Release|Any CPU
		{1BBBE259-FD72-4F43-8753-11AAD737171A}.Debug|Any CPU.ActiveCfg = Debug|Any CPU
		{1BBBE259-FD72-4F43-8753-11AAD737171A}.Debug|Any CPU.Build.0 = Debug|Any CPU
		{1BBBE259-FD72-4F43-8753-11AAD737171A}.Release|Any CPU.ActiveCfg = Release|Any CPU
		{1BBBE259-FD72-4F43-8753-11AAD737171A}.Release|Any CPU.Build.0 = Release|Any CPU
		{20836F66-D197-4FBF-8DC3-E75007BA1512}.Debug|Any CPU.ActiveCfg = Debug|Any CPU
		{20836F66-D197-4FBF-8DC3-E75007BA1512}.Debug|Any CPU.Build.0 = Debug|Any CPU
		{20836F66-D197-4FBF-8DC3-E75007BA1512}.Release|Any CPU.ActiveCfg = Release|Any CPU
		{20836F66-D197-4FBF-8DC3-E75007BA1512}.Release|Any CPU.Build.0 = Release|Any CPU
	EndGlobalSection
	GlobalSection(SolutionProperties) = preSolution
		HideSolutionNode = FALSE
	EndGlobalSection
	GlobalSection(ExtensibilityGlobals) = postSolution
		SolutionGuid = {F7BE3484-FE0B-4B42-A488-DFA7C05C0D4A}
	EndGlobalSection
EndGlobal
